// !$*UTF8*$!
{
	archiveVersion = 1;
	classes = {
	};
	objectVersion = 46;
	objects = {

/* Begin PBXBuildFile section */
		743990951BAB64AC00CBFA85 /* AppDelegate.swift in Sources */ = {isa = PBXBuildFile; fileRef = 743990941BAB64AC00CBFA85 /* AppDelegate.swift */; };
		743990971BAB64AC00CBFA85 /* GameScene.sks in Resources */ = {isa = PBXBuildFile; fileRef = 743990961BAB64AC00CBFA85 /* GameScene.sks */; };
		743990991BAB64AC00CBFA85 /* GameScene.swift in Sources */ = {isa = PBXBuildFile; fileRef = 743990981BAB64AC00CBFA85 /* GameScene.swift */; };
		7439909B1BAB64AC00CBFA85 /* GameViewController.swift in Sources */ = {isa = PBXBuildFile; fileRef = 7439909A1BAB64AC00CBFA85 /* GameViewController.swift */; };
		7439909E1BAB64AC00CBFA85 /* Main.storyboard in Resources */ = {isa = PBXBuildFile; fileRef = 7439909C1BAB64AC00CBFA85 /* Main.storyboard */; };
		743990A01BAB64AC00CBFA85 /* Assets.xcassets in Resources */ = {isa = PBXBuildFile; fileRef = 7439909F1BAB64AC00CBFA85 /* Assets.xcassets */; };
		743990A31BAB64AC00CBFA85 /* LaunchScreen.storyboard in Resources */ = {isa = PBXBuildFile; fileRef = 743990A11BAB64AC00CBFA85 /* LaunchScreen.storyboard */; };
		743990AE1BAB64AC00CBFA85 /* SantaVsEvilElfTests.swift in Sources */ = {isa = PBXBuildFile; fileRef = 743990AD1BAB64AC00CBFA85 /* SantaVsEvilElfTests.swift */; };
		743990B91BAB64AC00CBFA85 /* SantaVsEvilElfUITests.swift in Sources */ = {isa = PBXBuildFile; fileRef = 743990B81BAB64AC00CBFA85 /* SantaVsEvilElfUITests.swift */; };
/* End PBXBuildFile section */

/* Begin PBXContainerItemProxy section */
		743990AA1BAB64AC00CBFA85 /* PBXContainerItemProxy */ = {
			isa = PBXContainerItemProxy;
			containerPortal = 743990891BAB64AC00CBFA85 /* Project object */;
			proxyType = 1;
			remoteGlobalIDString = 743990901BAB64AC00CBFA85;
			remoteInfo = SantaVsEvilElf;
		};
		743990B51BAB64AC00CBFA85 /* PBXContainerItemProxy */ = {
			isa = PBXContainerItemProxy;
			containerPortal = 743990891BAB64AC00CBFA85 /* Project object */;
			proxyType = 1;
			remoteGlobalIDString = 743990901BAB64AC00CBFA85;
			remoteInfo = SantaVsEvilElf;
		};
/* End PBXContainerItemProxy section */

/* Begin PBXFileReference section */
		743990911BAB64AC00CBFA85 /* SantaVsEvilElf.app */ = {isa = PBXFileReference; explicitFileType = wrapper.application; includeInIndex = 0; path = SantaVsEvilElf.app; sourceTree = BUILT_PRODUCTS_DIR; };
		743990941BAB64AC00CBFA85 /* AppDelegate.swift */ = {isa = PBXFileReference; lastKnownFileType = sourcecode.swift; path = AppDelegate.swift; sourceTree = "<group>"; };
		743990961BAB64AC00CBFA85 /* GameScene.sks */ = {isa = PBXFileReference; lastKnownFileType = file.sks; path = GameScene.sks; sourceTree = "<group>"; };
		743990981BAB64AC00CBFA85 /* GameScene.swift */ = {isa = PBXFileReference; lastKnownFileType = sourcecode.swift; path = GameScene.swift; sourceTree = "<group>"; };
		7439909A1BAB64AC00CBFA85 /* GameViewController.swift */ = {isa = PBXFileReference; lastKnownFileType = sourcecode.swift; path = GameViewController.swift; sourceTree = "<group>"; };
		7439909D1BAB64AC00CBFA85 /* Base */ = {isa = PBXFileReference; lastKnownFileType = file.storyboard; name = Base; path = Base.lproj/Main.storyboard; sourceTree = "<group>"; };
		7439909F1BAB64AC00CBFA85 /* Assets.xcassets */ = {isa = PBXFileReference; lastKnownFileType = folder.assetcatalog; path = Assets.xcassets; sourceTree = "<group>"; };
		743990A21BAB64AC00CBFA85 /* Base */ = {isa = PBXFileReference; lastKnownFileType = file.storyboard; name = Base; path = Base.lproj/LaunchScreen.storyboard; sourceTree = "<group>"; };
		743990A41BAB64AC00CBFA85 /* Info.plist */ = {isa = PBXFileReference; lastKnownFileType = text.plist.xml; path = Info.plist; sourceTree = "<group>"; };
		743990A91BAB64AC00CBFA85 /* SantaVsEvilElfTests.xctest */ = {isa = PBXFileReference; explicitFileType = wrapper.cfbundle; includeInIndex = 0; path = SantaVsEvilElfTests.xctest; sourceTree = BUILT_PRODUCTS_DIR; };
		743990AD1BAB64AC00CBFA85 /* SantaVsEvilElfTests.swift */ = {isa = PBXFileReference; lastKnownFileType = sourcecode.swift; path = SantaVsEvilElfTests.swift; sourceTree = "<group>"; };
		743990AF1BAB64AC00CBFA85 /* Info.plist */ = {isa = PBXFileReference; lastKnownFileType = text.plist.xml; path = Info.plist; sourceTree = "<group>"; };
		743990B41BAB64AC00CBFA85 /* SantaVsEvilElfUITests.xctest */ = {isa = PBXFileReference; explicitFileType = wrapper.cfbundle; includeInIndex = 0; path = SantaVsEvilElfUITests.xctest; sourceTree = BUILT_PRODUCTS_DIR; };
		743990B81BAB64AC00CBFA85 /* SantaVsEvilElfUITests.swift */ = {isa = PBXFileReference; lastKnownFileType = sourcecode.swift; path = SantaVsEvilElfUITests.swift; sourceTree = "<group>"; };
		743990BA1BAB64AC00CBFA85 /* Info.plist */ = {isa = PBXFileReference; lastKnownFileType = text.plist.xml; path = Info.plist; sourceTree = "<group>"; };
/* End PBXFileReference section */

/* Begin PBXFrameworksBuildPhase section */
		7439908E1BAB64AC00CBFA85 /* Frameworks */ = {
			isa = PBXFrameworksBuildPhase;
			buildActionMask = 2147483647;
			files = (
			);
			runOnlyForDeploymentPostprocessing = 0;
		};
		743990A61BAB64AC00CBFA85 /* Frameworks */ = {
			isa = PBXFrameworksBuildPhase;
			buildActionMask = 2147483647;
			files = (
			);
			runOnlyForDeploymentPostprocessing = 0;
		};
		743990B11BAB64AC00CBFA85 /* Frameworks */ = {
			isa = PBXFrameworksBuildPhase;
			buildActionMask = 2147483647;
			files = (
			);
			runOnlyForDeploymentPostprocessing = 0;
		};
/* End PBXFrameworksBuildPhase section */

/* Begin PBXGroup section */
		743990881BAB64AC00CBFA85 = {
			isa = PBXGroup;
			children = (
				743990931BAB64AC00CBFA85 /* SantaVsEvilElf */,
				743990AC1BAB64AC00CBFA85 /* SantaVsEvilElfTests */,
				743990B71BAB64AC00CBFA85 /* SantaVsEvilElfUITests */,
				743990921BAB64AC00CBFA85 /* Products */,
			);
			sourceTree = "<group>";
		};
		743990921BAB64AC00CBFA85 /* Products */ = {
			isa = PBXGroup;
			children = (
				743990911BAB64AC00CBFA85 /* SantaVsEvilElf.app */,
				743990A91BAB64AC00CBFA85 /* SantaVsEvilElfTests.xctest */,
				743990B41BAB64AC00CBFA85 /* SantaVsEvilElfUITests.xctest */,
			);
			name = Products;
			sourceTree = "<group>";
		};
		743990931BAB64AC00CBFA85 /* SantaVsEvilElf */ = {
			isa = PBXGroup;
			children = (
				743990941BAB64AC00CBFA85 /* AppDelegate.swift */,
				743990961BAB64AC00CBFA85 /* GameScene.sks */,
				743990981BAB64AC00CBFA85 /* GameScene.swift */,
				7439909A1BAB64AC00CBFA85 /* GameViewController.swift */,
				7439909C1BAB64AC00CBFA85 /* Main.storyboard */,
				7439909F1BAB64AC00CBFA85 /* Assets.xcassets */,
				743990A11BAB64AC00CBFA85 /* LaunchScreen.storyboard */,
				743990A41BAB64AC00CBFA85 /* Info.plist */,
			);
			path = SantaVsEvilElf;
			sourceTree = "<group>";
		};
		743990AC1BAB64AC00CBFA85 /* SantaVsEvilElfTests */ = {
			isa = PBXGroup;
			children = (
				743990AD1BAB64AC00CBFA85 /* SantaVsEvilElfTests.swift */,
				743990AF1BAB64AC00CBFA85 /* Info.plist */,
			);
			path = SantaVsEvilElfTests;
			sourceTree = "<group>";
		};
		743990B71BAB64AC00CBFA85 /* SantaVsEvilElfUITests */ = {
			isa = PBXGroup;
			children = (
				743990B81BAB64AC00CBFA85 /* SantaVsEvilElfUITests.swift */,
				743990BA1BAB64AC00CBFA85 /* Info.plist */,
			);
			path = SantaVsEvilElfUITests;
			sourceTree = "<group>";
		};
/* End PBXGroup section */

/* Begin PBXNativeTarget section */
		743990901BAB64AC00CBFA85 /* SantaVsEvilElf */ = {
			isa = PBXNativeTarget;
			buildConfigurationList = 743990BD1BAB64AC00CBFA85 /* Build configuration list for PBXNativeTarget "SantaVsEvilElf" */;
			buildPhases = (
				7439908D1BAB64AC00CBFA85 /* Sources */,
				7439908E1BAB64AC00CBFA85 /* Frameworks */,
				7439908F1BAB64AC00CBFA85 /* Resources */,
			);
			buildRules = (
			);
			dependencies = (
			);
			name = SantaVsEvilElf;
			productName = SantaVsEvilElf;
			productReference = 743990911BAB64AC00CBFA85 /* SantaVsEvilElf.app */;
			productType = "com.apple.product-type.application";
		};
		743990A81BAB64AC00CBFA85 /* SantaVsEvilElfTests */ = {
			isa = PBXNativeTarget;
			buildConfigurationList = 743990C01BAB64AC00CBFA85 /* Build configuration list for PBXNativeTarget "SantaVsEvilElfTests" */;
			buildPhases = (
				743990A51BAB64AC00CBFA85 /* Sources */,
				743990A61BAB64AC00CBFA85 /* Frameworks */,
				743990A71BAB64AC00CBFA85 /* Resources */,
			);
			buildRules = (
			);
			dependencies = (
				743990AB1BAB64AC00CBFA85 /* PBXTargetDependency */,
			);
			name = SantaVsEvilElfTests;
			productName = SantaVsEvilElfTests;
			productReference = 743990A91BAB64AC00CBFA85 /* SantaVsEvilElfTests.xctest */;
			productType = "com.apple.product-type.bundle.unit-test";
		};
		743990B31BAB64AC00CBFA85 /* SantaVsEvilElfUITests */ = {
			isa = PBXNativeTarget;
			buildConfigurationList = 743990C31BAB64AC00CBFA85 /* Build configuration list for PBXNativeTarget "SantaVsEvilElfUITests" */;
			buildPhases = (
				743990B01BAB64AC00CBFA85 /* Sources */,
				743990B11BAB64AC00CBFA85 /* Frameworks */,
				743990B21BAB64AC00CBFA85 /* Resources */,
			);
			buildRules = (
			);
			dependencies = (
				743990B61BAB64AC00CBFA85 /* PBXTargetDependency */,
			);
			name = SantaVsEvilElfUITests;
			productName = SantaVsEvilElfUITests;
			productReference = 743990B41BAB64AC00CBFA85 /* SantaVsEvilElfUITests.xctest */;
			productType = "com.apple.product-type.bundle.ui-testing";
		};
/* End PBXNativeTarget section */

/* Begin PBXProject section */
		743990891BAB64AC00CBFA85 /* Project object */ = {
			isa = PBXProject;
			attributes = {
				LastUpgradeCheck = 0700;
				ORGANIZATIONNAME = Reaper;
				TargetAttributes = {
					743990901BAB64AC00CBFA85 = {
						CreatedOnToolsVersion = 7.0;
					};
					743990A81BAB64AC00CBFA85 = {
						CreatedOnToolsVersion = 7.0;
						TestTargetID = 743990901BAB64AC00CBFA85;
					};
					743990B31BAB64AC00CBFA85 = {
						CreatedOnToolsVersion = 7.0;
						TestTargetID = 743990901BAB64AC00CBFA85;
					};
				};
			};
			buildConfigurationList = 7439908C1BAB64AC00CBFA85 /* Build configuration list for PBXProject "SantaVsEvilElf" */;
			compatibilityVersion = "Xcode 3.2";
			developmentRegion = English;
			hasScannedForEncodings = 0;
			knownRegions = (
				en,
				Base,
			);
			mainGroup = 743990881BAB64AC00CBFA85;
			productRefGroup = 743990921BAB64AC00CBFA85 /* Products */;
			projectDirPath = "";
			projectRoot = "";
			targets = (
				743990901BAB64AC00CBFA85 /* SantaVsEvilElf */,
				743990A81BAB64AC00CBFA85 /* SantaVsEvilElfTests */,
				743990B31BAB64AC00CBFA85 /* SantaVsEvilElfUITests */,
			);
		};
/* End PBXProject section */

/* Begin PBXResourcesBuildPhase section */
		7439908F1BAB64AC00CBFA85 /* Resources */ = {
			isa = PBXResourcesBuildPhase;
			buildActionMask = 2147483647;
			files = (
				743990971BAB64AC00CBFA85 /* GameScene.sks in Resources */,
				743990A31BAB64AC00CBFA85 /* LaunchScreen.storyboard in Resources */,
				743990A01BAB64AC00CBFA85 /* Assets.xcassets in Resources */,
				7439909E1BAB64AC00CBFA85 /* Main.storyboard in Resources */,
			);
			runOnlyForDeploymentPostprocessing = 0;
		};
		743990A71BAB64AC00CBFA85 /* Resources */ = {
			isa = PBXResourcesBuildPhase;
			buildActionMask = 2147483647;
			files = (
			);
			runOnlyForDeploymentPostprocessing = 0;
		};
		743990B21BAB64AC00CBFA85 /* Resources */ = {
			isa = PBXResourcesBuildPhase;
			buildActionMask = 2147483647;
			files = (
			);
			runOnlyForDeploymentPostprocessing = 0;
		};
/* End PBXResourcesBuildPhase section */

/* Begin PBXSourcesBuildPhase section */
		7439908D1BAB64AC00CBFA85 /* Sources */ = {
			isa = PBXSourcesBuildPhase;
			buildActionMask = 2147483647;
			files = (
				743990991BAB64AC00CBFA85 /* GameScene.swift in Sources */,
				7439909B1BAB64AC00CBFA85 /* GameViewController.swift in Sources */,
				743990951BAB64AC00CBFA85 /* AppDelegate.swift in Sources */,
			);
			runOnlyForDeploymentPostprocessing = 0;
		};
		743990A51BAB64AC00CBFA85 /* Sources */ = {
			isa = PBXSourcesBuildPhase;
			buildActionMask = 2147483647;
			files = (
				743990AE1BAB64AC00CBFA85 /* SantaVsEvilElfTests.swift in Sources */,
			);
			runOnlyForDeploymentPostprocessing = 0;
		};
		743990B01BAB64AC00CBFA85 /* Sources */ = {
			isa = PBXSourcesBuildPhase;
			buildActionMask = 2147483647;
			files = (
				743990B91BAB64AC00CBFA85 /* SantaVsEvilElfUITests.swift in Sources */,
			);
			runOnlyForDeploymentPostprocessing = 0;
		};
/* End PBXSourcesBuildPhase section */

/* Begin PBXTargetDependency section */
		743990AB1BAB64AC00CBFA85 /* PBXTargetDependency */ = {
			isa = PBXTargetDependency;
			target = 743990901BAB64AC00CBFA85 /* SantaVsEvilElf */;
			targetProxy = 743990AA1BAB64AC00CBFA85 /* PBXContainerItemProxy */;
		};
		743990B61BAB64AC00CBFA85 /* PBXTargetDependency */ = {
			isa = PBXTargetDependency;
			target = 743990901BAB64AC00CBFA85 /* SantaVsEvilElf */;
			targetProxy = 743990B51BAB64AC00CBFA85 /* PBXContainerItemProxy */;
		};
/* End PBXTargetDependency section */

/* Begin PBXVariantGroup section */
		7439909C1BAB64AC00CBFA85 /* Main.storyboard */ = {
			isa = PBXVariantGroup;
			children = (
				7439909D1BAB64AC00CBFA85 /* Base */,
			);
			name = Main.storyboard;
			sourceTree = "<group>";
		};
		743990A11BAB64AC00CBFA85 /* LaunchScreen.storyboard */ = {
			isa = PBXVariantGroup;
			children = (
				743990A21BAB64AC00CBFA85 /* Base */,
			);
			name = LaunchScreen.storyboard;
			sourceTree = "<group>";
		};
/* End PBXVariantGroup section */

/* Begin XCBuildConfiguration section */
		743990BB1BAB64AC00CBFA85 /* Debug */ = {
			isa = XCBuildConfiguration;
			buildSettings = {
				ALWAYS_SEARCH_USER_PATHS = NO;
				CLANG_CXX_LANGUAGE_STANDARD = "gnu++0x";
				CLANG_CXX_LIBRARY = "libc++";
				CLANG_ENABLE_MODULES = YES;
				CLANG_ENABLE_OBJC_ARC = YES;
				CLANG_WARN_BOOL_CONVERSION = YES;
				CLANG_WARN_CONSTANT_CONVERSION = YES;
				CLANG_WARN_DIRECT_OBJC_ISA_USAGE = YES_ERROR;
				CLANG_WARN_EMPTY_BODY = YES;
				CLANG_WARN_ENUM_CONVERSION = YES;
				CLANG_WARN_INT_CONVERSION = YES;
				CLANG_WARN_OBJC_ROOT_CLASS = YES_ERROR;
				CLANG_WARN_UNREACHABLE_CODE = YES;
				CLANG_WARN__DUPLICATE_METHOD_MATCH = YES;
				"CODE_SIGN_IDENTITY[sdk=iphoneos*]" = "iPhone Developer";
				COPY_PHASE_STRIP = NO;
				DEBUG_INFORMATION_FORMAT = "dwarf-with-dsym";
				ENABLE_STRICT_OBJC_MSGSEND = YES;
				ENABLE_TESTABILITY = YES;
				GCC_C_LANGUAGE_STANDARD = gnu99;
				GCC_DYNAMIC_NO_PIC = NO;
				GCC_NO_COMMON_BLOCKS = YES;
				GCC_OPTIMIZATION_LEVEL = 0;
				GCC_PREPROCESSOR_DEFINITIONS = (
					"DEBUG=1",
					"$(inherited)",
				);
				GCC_WARN_64_TO_32_BIT_CONVERSION = YES;
				GCC_WARN_ABOUT_RETURN_TYPE = YES_ERROR;
				GCC_WARN_UNDECLARED_SELECTOR = YES;
				GCC_WARN_UNINITIALIZED_AUTOS = YES_AGGRESSIVE;
				GCC_WARN_UNUSED_FUNCTION = YES;
				GCC_WARN_UNUSED_VARIABLE = YES;
				IPHONEOS_DEPLOYMENT_TARGET = 9.0;
				MTL_ENABLE_DEBUG_INFO = YES;
				ONLY_ACTIVE_ARCH = YES;
				SDKROOT = iphoneos;
				SWIFT_OPTIMIZATION_LEVEL = "-Onone";
				TARGETED_DEVICE_FAMILY = "1,2";
			};
			name = Debug;
		};
		743990BC1BAB64AC00CBFA85 /* Release */ = {
			isa = XCBuildConfiguration;
			buildSettings = {
				ALWAYS_SEARCH_USER_PATHS = NO;
				CLANG_CXX_LANGUAGE_STANDARD = "gnu++0x";
				CLANG_CXX_LIBRARY = "libc++";
				CLANG_ENABLE_MODULES = YES;
				CLANG_ENABLE_OBJC_ARC = YES;
				CLANG_WARN_BOOL_CONVERSION = YES;
				CLANG_WARN_CONSTANT_CONVERSION = YES;
				CLANG_WARN_DIRECT_OBJC_ISA_USAGE = YES_ERROR;
				CLANG_WARN_EMPTY_BODY = YES;
				CLANG_WARN_ENUM_CONVERSION = YES;
				CLANG_WARN_INT_CONVERSION = YES;
				CLANG_WARN_OBJC_ROOT_CLASS = YES_ERROR;
				CLANG_WARN_UNREACHABLE_CODE = YES;
				CLANG_WARN__DUPLICATE_METHOD_MATCH = YES;
				"CODE_SIGN_IDENTITY[sdk=iphoneos*]" = "iPhone Developer";
				COPY_PHASE_STRIP = NO;
				DEBUG_INFORMATION_FORMAT = "dwarf-with-dsym";
				ENABLE_NS_ASSERTIONS = NO;
				ENABLE_STRICT_OBJC_MSGSEND = YES;
				GCC_C_LANGUAGE_STANDARD = gnu99;
				GCC_NO_COMMON_BLOCKS = YES;
				GCC_WARN_64_TO_32_BIT_CONVERSION = YES;
				GCC_WARN_ABOUT_RETURN_TYPE = YES_ERROR;
				GCC_WARN_UNDECLARED_SELECTOR = YES;
				GCC_WARN_UNINITIALIZED_AUTOS = YES_AGGRESSIVE;
				GCC_WARN_UNUSED_FUNCTION = YES;
				GCC_WARN_UNUSED_VARIABLE = YES;
				IPHONEOS_DEPLOYMENT_TARGET = 9.0;
				MTL_ENABLE_DEBUG_INFO = NO;
				SDKROOT = iphoneos;
				TARGETED_DEVICE_FAMILY = "1,2";
				VALIDATE_PRODUCT = YES;
			};
			name = Release;
		};
		743990BE1BAB64AC00CBFA85 /* Debug */ = {
			isa = XCBuildConfiguration;
			buildSettings = {
				ASSETCATALOG_COMPILER_APPICON_NAME = AppIcon;
				INFOPLIST_FILE = SantaVsEvilElf/Info.plist;
				LD_RUNPATH_SEARCH_PATHS = "$(inherited) @executable_path/Frameworks";
				PRODUCT_BUNDLE_IDENTIFIER = com.dotsncoms.SantaVsEvilElf;
				PRODUCT_NAME = "$(TARGET_NAME)";
			};
			name = Debug;
		};
		743990BF1BAB64AC00CBFA85 /* Release */ = {
			isa = XCBuildConfiguration;
			buildSettings = {
				ASSETCATALOG_COMPILER_APPICON_NAME = AppIcon;
				INFOPLIST_FILE = SantaVsEvilElf/Info.plist;
				LD_RUNPATH_SEARCH_PATHS = "$(inherited) @executable_path/Frameworks";
				PRODUCT_BUNDLE_IDENTIFIER = com.dotsncoms.SantaVsEvilElf;
				PRODUCT_NAME = "$(TARGET_NAME)";
			};
			name = Release;
		};
		743990C11BAB64AC00CBFA85 /* Debug */ = {
			isa = XCBuildConfiguration;
			buildSettings = {
				BUNDLE_LOADER = "$(TEST_HOST)";
				DEBUG_INFORMATION_FORMAT = dwarf;
				INFOPLIST_FILE = SantaVsEvilElfTests/Info.plist;
				LD_RUNPATH_SEARCH_PATHS = "$(inherited) @executable_path/Frameworks @loader_path/Frameworks";
				PRODUCT_BUNDLE_IDENTIFIER = com.dotsncoms.SantaVsEvilElfTests;
				PRODUCT_NAME = "$(TARGET_NAME)";
				TEST_HOST = "$(BUILT_PRODUCTS_DIR)/SantaVsEvilElf.app/SantaVsEvilElf";
			};
			name = Debug;
		};
		743990C21BAB64AC00CBFA85 /* Release */ = {
			isa = XCBuildConfiguration;
			buildSettings = {
				BUNDLE_LOADER = "$(TEST_HOST)";
				INFOPLIST_FILE = SantaVsEvilElfTests/Info.plist;
				LD_RUNPATH_SEARCH_PATHS = "$(inherited) @executable_path/Frameworks @loader_path/Frameworks";
				PRODUCT_BUNDLE_IDENTIFIER = com.dotsncoms.SantaVsEvilElfTests;
				PRODUCT_NAME = "$(TARGET_NAME)";
				TEST_HOST = "$(BUILT_PRODUCTS_DIR)/SantaVsEvilElf.app/SantaVsEvilElf";
			};
			name = Release;
		};
		743990C41BAB64AC00CBFA85 /* Debug */ = {
			isa = XCBuildConfiguration;
			buildSettings = {
				DEBUG_INFORMATION_FORMAT = dwarf;
				INFOPLIST_FILE = SantaVsEvilElfUITests/Info.plist;
				LD_RUNPATH_SEARCH_PATHS = "$(inherited) @executable_path/Frameworks @loader_path/Frameworks";
				PRODUCT_BUNDLE_IDENTIFIER = com.dotsncoms.SantaVsEvilElfUITests;
				PRODUCT_NAME = "$(TARGET_NAME)";
				TEST_TARGET_NAME = SantaVsEvilElf;
				USES_XCTRUNNER = YES;
			};
			name = Debug;
		};
		743990C51BAB64AC00CBFA85 /* Release */ = {
			isa = XCBuildConfiguration;
			buildSettings = {
				INFOPLIST_FILE = SantaVsEvilElfUITests/Info.plist;
				LD_RUNPATH_SEARCH_PATHS = "$(inherited) @executable_path/Frameworks @loader_path/Frameworks";
				PRODUCT_BUNDLE_IDENTIFIER = com.dotsncoms.SantaVsEvilElfUITests;
				PRODUCT_NAME = "$(TARGET_NAME)";
				TEST_TARGET_NAME = SantaVsEvilElf;
				USES_XCTRUNNER = YES;
			};
			name = Release;
		};
/* End XCBuildConfiguration section */

/* Begin XCConfigurationList section */
		7439908C1BAB64AC00CBFA85 /* Build configuration list for PBXProject "SantaVsEvilElf" */ = {
			isa = XCConfigurationList;
			buildConfigurations = (
				743990BB1BAB64AC00CBFA85 /* Debug */,
				743990BC1BAB64AC00CBFA85 /* Release */,
			);
			defaultConfigurationIsVisible = 0;
			defaultConfigurationName = Release;
		};
		743990BD1BAB64AC00CBFA85 /* Build configuration list for PBXNativeTarget "SantaVsEvilElf" */ = {
			isa = XCConfigurationList;
			buildConfigurations = (
				743990BE1BAB64AC00CBFA85 /* Debug */,
				743990BF1BAB64AC00CBFA85 /* Release */,
			);
			defaultConfigurationIsVisible = 0;
		};
		743990C01BAB64AC00CBFA85 /* Build configuration list for PBXNativeTarget "SantaVsEvilElfTests" */ = {
			isa = XCConfigurationList;
			buildConfigurations = (
				743990C11BAB64AC00CBFA85 /* Debug */,
				743990C21BAB64AC00CBFA85 /* Release */,
			);
			defaultConfigurationIsVisible = 0;
		};
		743990C31BAB64AC00CBFA85 /* Build configuration list for PBXNativeTarget "SantaVsEvilElfUITests" */ = {
			isa = XCConfigurationList;
			buildConfigurations = (
				743990C41BAB64AC00CBFA85 /* Debug */,
				743990C51BAB64AC00CBFA85 /* Release */,
			);
			defaultConfigurationIsVisible = 0;
		};
/* End XCConfigurationList section */
	};
	rootObject = 743990891BAB64AC00CBFA85 /* Project object */;
}
